// !$*UTF8*$!
{
	archiveVersion = 1;
	classes = {
	};
	objectVersion = 46;
	objects = {

/* Begin PBXBuildFile section */
		AAF9183A1990DB720002660D /* CustomCell.m in Sources */ = {isa = PBXBuildFile; fileRef = AAF918391990DB720002660D /* CustomCell.m */; };
		AAFB3873198C912000AA4FCC /* Foundation.framework in Frameworks */ = {isa = PBXBuildFile; fileRef = AAFB3872198C912000AA4FCC /* Foundation.framework */; };
		AAFB3875198C912000AA4FCC /* CoreGraphics.framework in Frameworks */ = {isa = PBXBuildFile; fileRef = AAFB3874198C912000AA4FCC /* CoreGraphics.framework */; };
		AAFB3877198C912000AA4FCC /* UIKit.framework in Frameworks */ = {isa = PBXBuildFile; fileRef = AAFB3876198C912000AA4FCC /* UIKit.framework */; };
		AAFB387D198C912000AA4FCC /* InfoPlist.strings in Resources */ = {isa = PBXBuildFile; fileRef = AAFB387B198C912000AA4FCC /* InfoPlist.strings */; };
		AAFB387F198C912000AA4FCC /* main.m in Sources */ = {isa = PBXBuildFile; fileRef = AAFB387E198C912000AA4FCC /* main.m */; };
		AAFB3883198C912000AA4FCC /* AppDelegate.m in Sources */ = {isa = PBXBuildFile; fileRef = AAFB3882198C912000AA4FCC /* AppDelegate.m */; };
		AAFB3885198C912000AA4FCC /* Images.xcassets in Resources */ = {isa = PBXBuildFile; fileRef = AAFB3884198C912000AA4FCC /* Images.xcassets */; };
		AAFB388C198C912000AA4FCC /* XCTest.framework in Frameworks */ = {isa = PBXBuildFile; fileRef = AAFB388B198C912000AA4FCC /* XCTest.framework */; };
		AAFB388D198C912000AA4FCC /* Foundation.framework in Frameworks */ = {isa = PBXBuildFile; fileRef = AAFB3872198C912000AA4FCC /* Foundation.framework */; };
		AAFB388E198C912000AA4FCC /* UIKit.framework in Frameworks */ = {isa = PBXBuildFile; fileRef = AAFB3876198C912000AA4FCC /* UIKit.framework */; };
		AAFB3896198C912000AA4FCC /* InfoPlist.strings in Resources */ = {isa = PBXBuildFile; fileRef = AAFB3894198C912000AA4FCC /* InfoPlist.strings */; };
		AAFB3898198C912000AA4FCC /* S2_TableviewTests.m in Sources */ = {isa = PBXBuildFile; fileRef = AAFB3897198C912000AA4FCC /* S2_TableviewTests.m */; };
		AAFB38A3198C915800AA4FCC /* SViewController.m in Sources */ = {isa = PBXBuildFile; fileRef = AAFB38A2198C915800AA4FCC /* SViewController.m */; };
		AAFB38AD198C96BE00AA4FCC /* 001.png in Resources */ = {isa = PBXBuildFile; fileRef = AAFB38A4198C96BE00AA4FCC /* 001.png */; };
		AAFB38AE198C96BE00AA4FCC /* 002.png in Resources */ = {isa = PBXBuildFile; fileRef = AAFB38A5198C96BE00AA4FCC /* 002.png */; };
		AAFB38AF198C96BE00AA4FCC /* 003.png in Resources */ = {isa = PBXBuildFile; fileRef = AAFB38A6198C96BE00AA4FCC /* 003.png */; };
		AAFB38B0198C96BE00AA4FCC /* 004.png in Resources */ = {isa = PBXBuildFile; fileRef = AAFB38A7198C96BE00AA4FCC /* 004.png */; };
		AAFB38B1198C96BE00AA4FCC /* 005.png in Resources */ = {isa = PBXBuildFile; fileRef = AAFB38A8198C96BE00AA4FCC /* 005.png */; };
		AAFB38B2198C96BE00AA4FCC /* 006.png in Resources */ = {isa = PBXBuildFile; fileRef = AAFB38A9198C96BE00AA4FCC /* 006.png */; };
		AAFB38B3198C96BE00AA4FCC /* 007.png in Resources */ = {isa = PBXBuildFile; fileRef = AAFB38AA198C96BE00AA4FCC /* 007.png */; };
		AAFB38B4198C96BE00AA4FCC /* 008.png in Resources */ = {isa = PBXBuildFile; fileRef = AAFB38AB198C96BE00AA4FCC /* 008.png */; };
		AAFB38B5198C96BE00AA4FCC /* 009.png in Resources */ = {isa = PBXBuildFile; fileRef = AAFB38AC198C96BE00AA4FCC /* 009.png */; };
		AAFB38BD198C980C00AA4FCC /* Shop.m in Sources */ = {isa = PBXBuildFile; fileRef = AAFB38BC198C980C00AA4FCC /* Shop.m */; };
/* End PBXBuildFile section */

/* Begin PBXContainerItemProxy section */
		AAFB388F198C912000AA4FCC /* PBXContainerItemProxy */ = {
			isa = PBXContainerItemProxy;
			containerPortal = AAFB3867198C912000AA4FCC /* Project object */;
			proxyType = 1;
			remoteGlobalIDString = AAFB386E198C912000AA4FCC;
			remoteInfo = "S2-Tableview";
		};
/* End PBXContainerItemProxy section */

/* Begin PBXFileReference section */
		AAF918381990DB720002660D /* CustomCell.h */ = {isa = PBXFileReference; fileEncoding = 4; lastKnownFileType = sourcecode.c.h; path = CustomCell.h; sourceTree = "<group>"; };
		AAF918391990DB720002660D /* CustomCell.m */ = {isa = PBXFileReference; fileEncoding = 4; lastKnownFileType = sourcecode.c.objc; path = CustomCell.m; sourceTree = "<group>"; };
		AAFB386F198C912000AA4FCC /* S2-Tableview.app */ = {isa = PBXFileReference; explicitFileType = wrapper.application; includeInIndex = 0; path = "S2-Tableview.app"; sourceTree = BUILT_PRODUCTS_DIR; };
		AAFB3872198C912000AA4FCC /* Foundation.framework */ = {isa = PBXFileReference; lastKnownFileType = wrapper.framework; name = Foundation.framework; path = System/Library/Frameworks/Foundation.framework; sourceTree = SDKROOT; };
		AAFB3874198C912000AA4FCC /* CoreGraphics.framework */ = {isa = PBXFileReference; lastKnownFileType = wrapper.framework; name = CoreGraphics.framework; path = System/Library/Frameworks/CoreGraphics.framework; sourceTree = SDKROOT; };
		AAFB3876198C912000AA4FCC /* UIKit.framework */ = {isa = PBXFileReference; lastKnownFileType = wrapper.framework; name = UIKit.framework; path = System/Library/Frameworks/UIKit.framework; sourceTree = SDKROOT; };
		AAFB387A198C912000AA4FCC /* S2-Tableview-Info.plist */ = {isa = PBXFileReference; lastKnownFileType = text.plist.xml; path = "S2-Tableview-Info.plist"; sourceTree = "<group>"; };
		AAFB387C198C912000AA4FCC /* en */ = {isa = PBXFileReference; lastKnownFileType = text.plist.strings; name = en; path = en.lproj/InfoPlist.strings; sourceTree = "<group>"; };
		AAFB387E198C912000AA4FCC /* main.m */ = {isa = PBXFileReference; lastKnownFileType = sourcecode.c.objc; path = main.m; sourceTree = "<group>"; };
		AAFB3880198C912000AA4FCC /* S2-Tableview-Prefix.pch */ = {isa = PBXFileReference; lastKnownFileType = sourcecode.c.h; path = "S2-Tableview-Prefix.pch"; sourceTree = "<group>"; };
		AAFB3881198C912000AA4FCC /* AppDelegate.h */ = {isa = PBXFileReference; lastKnownFileType = sourcecode.c.h; path = AppDelegate.h; sourceTree = "<group>"; };
		AAFB3882198C912000AA4FCC /* AppDelegate.m */ = {isa = PBXFileReference; lastKnownFileType = sourcecode.c.objc; path = AppDelegate.m; sourceTree = "<group>"; };
		AAFB3884198C912000AA4FCC /* Images.xcassets */ = {isa = PBXFileReference; lastKnownFileType = folder.assetcatalog; path = Images.xcassets; sourceTree = "<group>"; };
		AAFB388A198C912000AA4FCC /* S2-TableviewTests.xctest */ = {isa = PBXFileReference; explicitFileType = wrapper.cfbundle; includeInIndex = 0; path = "S2-TableviewTests.xctest"; sourceTree = BUILT_PRODUCTS_DIR; };
		AAFB388B198C912000AA4FCC /* XCTest.framework */ = {isa = PBXFileReference; lastKnownFileType = wrapper.framework; name = XCTest.framework; path = Library/Frameworks/XCTest.framework; sourceTree = DEVELOPER_DIR; };
		AAFB3893198C912000AA4FCC /* S2-TableviewTests-Info.plist */ = {isa = PBXFileReference; lastKnownFileType = text.plist.xml; path = "S2-TableviewTests-Info.plist"; sourceTree = "<group>"; };
		AAFB3895198C912000AA4FCC /* en */ = {isa = PBXFileReference; lastKnownFileType = text.plist.strings; name = en; path = en.lproj/InfoPlist.strings; sourceTree = "<group>"; };
		AAFB3897198C912000AA4FCC /* S2_TableviewTests.m */ = {isa = PBXFileReference; lastKnownFileType = sourcecode.c.objc; path = S2_TableviewTests.m; sourceTree = "<group>"; };
		AAFB38A1198C915800AA4FCC /* SViewController.h */ = {isa = PBXFileReference; fileEncoding = 4; lastKnownFileType = sourcecode.c.h; name = SViewController.h; path = ../SViewController.h; sourceTree = "<group>"; };
		AAFB38A2198C915800AA4FCC /* SViewController.m */ = {isa = PBXFileReference; fileEncoding = 4; lastKnownFileType = sourcecode.c.objc; name = SViewController.m; path = ../SViewController.m; sourceTree = "<group>"; };
		AAFB38A4198C96BE00AA4FCC /* 001.png */ = {isa = PBXFileReference; lastKnownFileType = image.png; path = 001.png; sourceTree = "<group>"; };
		AAFB38A5198C96BE00AA4FCC /* 002.png */ = {isa = PBXFileReference; lastKnownFileType = image.png; path = 002.png; sourceTree = "<group>"; };
		AAFB38A6198C96BE00AA4FCC /* 003.png */ = {isa = PBXFileReference; lastKnownFileType = image.png; path = 003.png; sourceTree = "<group>"; };
		AAFB38A7198C96BE00AA4FCC /* 004.png */ = {isa = PBXFileReference; lastKnownFileType = image.png; path = 004.png; sourceTree = "<group>"; };
		AAFB38A8198C96BE00AA4FCC /* 005.png */ = {isa = PBXFileReference; lastKnownFileType = image.png; path = 005.png; sourceTree = "<group>"; };
		AAFB38A9198C96BE00AA4FCC /* 006.png */ = {isa = PBXFileReference; lastKnownFileType = image.png; path = 006.png; sourceTree = "<group>"; };
		AAFB38AA198C96BE00AA4FCC /* 007.png */ = {isa = PBXFileReference; lastKnownFileType = image.png; path = 007.png; sourceTree = "<group>"; };
		AAFB38AB198C96BE00AA4FCC /* 008.png */ = {isa = PBXFileReference; lastKnownFileType = image.png; path = 008.png; sourceTree = "<group>"; };
		AAFB38AC198C96BE00AA4FCC /* 009.png */ = {isa = PBXFileReference; lastKnownFileType = image.png; path = 009.png; sourceTree = "<group>"; };
		AAFB38BB198C980C00AA4FCC /* Shop.h */ = {isa = PBXFileReference; fileEncoding = 4; lastKnownFileType = sourcecode.c.h; path = Shop.h; sourceTree = "<group>"; };
		AAFB38BC198C980C00AA4FCC /* Shop.m */ = {isa = PBXFileReference; fileEncoding = 4; lastKnownFileType = sourcecode.c.objc; path = Shop.m; sourceTree = "<group>"; };
/* End PBXFileReference section */

/* Begin PBXFrameworksBuildPhase section */
		AAFB386C198C912000AA4FCC /* Frameworks */ = {
			isa = PBXFrameworksBuildPhase;
			buildActionMask = 2147483647;
			files = (
				AAFB3875198C912000AA4FCC /* CoreGraphics.framework in Frameworks */,
				AAFB3877198C912000AA4FCC /* UIKit.framework in Frameworks */,
				AAFB3873198C912000AA4FCC /* Foundation.framework in Frameworks */,
			);
			runOnlyForDeploymentPostprocessing = 0;
		};
		AAFB3887198C912000AA4FCC /* Frameworks */ = {
			isa = PBXFrameworksBuildPhase;
			buildActionMask = 2147483647;
			files = (
				AAFB388C198C912000AA4FCC /* XCTest.framework in Frameworks */,
				AAFB388E198C912000AA4FCC /* UIKit.framework in Frameworks */,
				AAFB388D198C912000AA4FCC /* Foundation.framework in Frameworks */,
			);
			runOnlyForDeploymentPostprocessing = 0;
		};
/* End PBXFrameworksBuildPhase section */

/* Begin PBXGroup section */
		AAFB3866198C912000AA4FCC = {
			isa = PBXGroup;
			children = (
				AAFB3878198C912000AA4FCC /* S2-Tableview */,
				AAFB3891198C912000AA4FCC /* S2-TableviewTests */,
				AAFB3871198C912000AA4FCC /* Frameworks */,
				AAFB3870198C912000AA4FCC /* Products */,
			);
			sourceTree = "<group>";
		};
		AAFB3870198C912000AA4FCC /* Products */ = {
			isa = PBXGroup;
			children = (
				AAFB386F198C912000AA4FCC /* S2-Tableview.app */,
				AAFB388A198C912000AA4FCC /* S2-TableviewTests.xctest */,
			);
			name = Products;
			sourceTree = "<group>";
		};
		AAFB3871198C912000AA4FCC /* Frameworks */ = {
			isa = PBXGroup;
			children = (
				AAFB3872198C912000AA4FCC /* Foundation.framework */,
				AAFB3874198C912000AA4FCC /* CoreGraphics.framework */,
				AAFB3876198C912000AA4FCC /* UIKit.framework */,
				AAFB388B198C912000AA4FCC /* XCTest.framework */,
			);
			name = Frameworks;
			sourceTree = "<group>";
		};
		AAFB3878198C912000AA4FCC /* S2-Tableview */ = {
			isa = PBXGroup;
			children = (
				AAFB3881198C912000AA4FCC /* AppDelegate.h */,
				AAFB3882198C912000AA4FCC /* AppDelegate.m */,
				AAFB38A1198C915800AA4FCC /* SViewController.h */,
				AAFB38A2198C915800AA4FCC /* SViewController.m */,
				AAFB38BB198C980C00AA4FCC /* Shop.h */,
				AAFB38BC198C980C00AA4FCC /* Shop.m */,
				AAF918381990DB720002660D /* CustomCell.h */,
				AAF918391990DB720002660D /* CustomCell.m */,
				AAFB3884198C912000AA4FCC /* Images.xcassets */,
				AAFB3879198C912000AA4FCC /* Supporting Files */,
			);
			path = "S2-Tableview";
			sourceTree = "<group>";
		};
		AAFB3879198C912000AA4FCC /* Supporting Files */ = {
			isa = PBXGroup;
			children = (
				AAFB38A4198C96BE00AA4FCC /* 001.png */,
				AAFB38A5198C96BE00AA4FCC /* 002.png */,
				AAFB38A6198C96BE00AA4FCC /* 003.png */,
				AAFB38A7198C96BE00AA4FCC /* 004.png */,
				AAFB38A8198C96BE00AA4FCC /* 005.png */,
				AAFB38A9198C96BE00AA4FCC /* 006.png */,
				AAFB38AA198C96BE00AA4FCC /* 007.png */,
				AAFB38AB198C96BE00AA4FCC /* 008.png */,
				AAFB38AC198C96BE00AA4FCC /* 009.png */,
				AAFB387A198C912000AA4FCC /* S2-Tableview-Info.plist */,
				AAFB387B198C912000AA4FCC /* InfoPlist.strings */,
				AAFB387E198C912000AA4FCC /* main.m */,
				AAFB3880198C912000AA4FCC /* S2-Tableview-Prefix.pch */,
			);
			name = "Supporting Files";
			sourceTree = "<group>";
		};
		AAFB3891198C912000AA4FCC /* S2-TableviewTests */ = {
			isa = PBXGroup;
			children = (
				AAFB3897198C912000AA4FCC /* S2_TableviewTests.m */,
				AAFB3892198C912000AA4FCC /* Supporting Files */,
			);
			path = "S2-TableviewTests";
			sourceTree = "<group>";
		};
		AAFB3892198C912000AA4FCC /* Supporting Files */ = {
			isa = PBXGroup;
			children = (
				AAFB3893198C912000AA4FCC /* S2-TableviewTests-Info.plist */,
				AAFB3894198C912000AA4FCC /* InfoPlist.strings */,
			);
			name = "Supporting Files";
			sourceTree = "<group>";
		};
/* End PBXGroup section */

/* Begin PBXNativeTarget section */
		AAFB386E198C912000AA4FCC /* S2-Tableview */ = {
			isa = PBXNativeTarget;
			buildConfigurationList = AAFB389B198C912000AA4FCC /* Build configuration list for PBXNativeTarget "S2-Tableview" */;
			buildPhases = (
				AAFB386B198C912000AA4FCC /* Sources */,
				AAFB386C198C912000AA4FCC /* Frameworks */,
				AAFB386D198C912000AA4FCC /* Resources */,
			);
			buildRules = (
			);
			dependencies = (
			);
			name = "S2-Tableview";
			productName = "S2-Tableview";
			productReference = AAFB386F198C912000AA4FCC /* S2-Tableview.app */;
			productType = "com.apple.product-type.application";
		};
		AAFB3889198C912000AA4FCC /* S2-TableviewTests */ = {
			isa = PBXNativeTarget;
			buildConfigurationList = AAFB389E198C912000AA4FCC /* Build configuration list for PBXNativeTarget "S2-TableviewTests" */;
			buildPhases = (
				AAFB3886198C912000AA4FCC /* Sources */,
				AAFB3887198C912000AA4FCC /* Frameworks */,
				AAFB3888198C912000AA4FCC /* Resources */,
			);
			buildRules = (
			);
			dependencies = (
				AAFB3890198C912000AA4FCC /* PBXTargetDependency */,
			);
			name = "S2-TableviewTests";
			productName = "S2-TableviewTests";
			productReference = AAFB388A198C912000AA4FCC /* S2-TableviewTests.xctest */;
			productType = "com.apple.product-type.bundle.unit-test";
		};
/* End PBXNativeTarget section */

/* Begin PBXProject section */
		AAFB3867198C912000AA4FCC /* Project object */ = {
			isa = PBXProject;
			attributes = {
				LastUpgradeCheck = 0500;
				ORGANIZATIONNAME = dongdong;
				TargetAttributes = {
					AAFB3889198C912000AA4FCC = {
						TestTargetID = AAFB386E198C912000AA4FCC;
					};
				};
			};
			buildConfigurationList = AAFB386A198C912000AA4FCC /* Build configuration list for PBXProject "S2-Tableview" */;
			compatibilityVersion = "Xcode 3.2";
			developmentRegion = English;
			hasScannedForEncodings = 0;
			knownRegions = (
				en,
			);
			mainGroup = AAFB3866198C912000AA4FCC;
			productRefGroup = AAFB3870198C912000AA4FCC /* Products */;
			projectDirPath = "";
			projectRoot = "";
			targets = (
				AAFB386E198C912000AA4FCC /* S2-Tableview */,
				AAFB3889198C912000AA4FCC /* S2-TableviewTests */,
			);
		};
/* End PBXProject section */

/* Begin PBXResourcesBuildPhase section */
		AAFB386D198C912000AA4FCC /* Resources */ = {
			isa = PBXResourcesBuildPhase;
			buildActionMask = 2147483647;
			files = (
				AAFB38B3198C96BE00AA4FCC /* 007.png in Resources */,
				AAFB38B2198C96BE00AA4FCC /* 006.png in Resources */,
				AAFB38B4198C96BE00AA4FCC /* 008.png in Resources */,
				AAFB38B0198C96BE00AA4FCC /* 004.png in Resources */,
				AAFB38B5198C96BE00AA4FCC /* 009.png in Resources */,
				AAFB38AE198C96BE00AA4FCC /* 002.png in Resources */,
				AAFB38AD198C96BE00AA4FCC /* 001.png in Resources */,
				AAFB38AF198C96BE00AA4FCC /* 003.png in Resources */,
				AAFB387D198C912000AA4FCC /* InfoPlist.strings in Resources */,
				AAFB3885198C912000AA4FCC /* Images.xcassets in Resources */,
				AAFB38B1198C96BE00AA4FCC /* 005.png in Resources */,
			);
			runOnlyForDeploymentPostprocessing = 0;
		};
		AAFB3888198C912000AA4FCC /* Resources */ = {
			isa = PBXResourcesBuildPhase;
			buildActionMask = 2147483647;
			files = (
				AAFB3896198C912000AA4FCC /* InfoPlist.strings in Resources */,
			);
			runOnlyForDeploymentPostprocessing = 0;
		};
/* End PBXResourcesBuildPhase section */

/* Begin PBXSourcesBuildPhase section */
		AAFB386B198C912000AA4FCC /* Sources */ = {
			isa = PBXSourcesBuildPhase;
			buildActionMask = 2147483647;
			files = (
				AAFB3883198C912000AA4FCC /* AppDelegate.m in Sources */,
				AAFB38A3198C915800AA4FCC /* SViewController.m in Sources */,
				AAF9183A1990DB720002660D /* CustomCell.m in Sources */,
				AAFB387F198C912000AA4FCC /* main.m in Sources */,
				AAFB38BD198C980C00AA4FCC /* Shop.m in Sources */,
			);
			runOnlyForDeploymentPostprocessing = 0;
		};
		AAFB3886198C912000AA4FCC /* Sources */ = {
			isa = PBXSourcesBuildPhase;
			buildActionMask = 2147483647;
			files = (
				AAFB3898198C912000AA4FCC /* S2_TableviewTests.m in Sources */,
			);
			runOnlyForDeploymentPostprocessing = 0;
		};
/* End PBXSourcesBuildPhase section */

/* Begin PBXTargetDependency section */
		AAFB3890198C912000AA4FCC /* PBXTargetDependency */ = {
			isa = PBXTargetDependency;
			target = AAFB386E198C912000AA4FCC /* S2-Tableview */;
			targetProxy = AAFB388F198C912000AA4FCC /* PBXContainerItemProxy */;
		};
/* End PBXTargetDependency section */

/* Begin PBXVariantGroup section */
		AAFB387B198C912000AA4FCC /* InfoPlist.strings */ = {
			isa = PBXVariantGroup;
			children = (
				AAFB387C198C912000AA4FCC /* en */,
			);
			name = InfoPlist.strings;
			sourceTree = "<group>";
		};
		AAFB3894198C912000AA4FCC /* InfoPlist.strings */ = {
			isa = PBXVariantGroup;
			children = (
				AAFB3895198C912000AA4FCC /* en */,
			);
			name = InfoPlist.strings;
			sourceTree = "<group>";
		};
/* End PBXVariantGroup section */

/* Begin XCBuildConfiguration section */
		AAFB3899198C912000AA4FCC /* Debug */ = {
			isa = XCBuildConfiguration;
			buildSettings = {
				ALWAYS_SEARCH_USER_PATHS = NO;
				ARCHS = "$(ARCHS_STANDARD_INCLUDING_64_BIT)";
				CLANG_CXX_LANGUAGE_STANDARD = "gnu++0x";
				CLANG_CXX_LIBRARY = "libc++";
				CLANG_ENABLE_MODULES = YES;
				CLANG_ENABLE_OBJC_ARC = YES;
				CLANG_WARN_BOOL_CONVERSION = YES;
				CLANG_WARN_CONSTANT_CONVERSION = YES;
				CLANG_WARN_DIRECT_OBJC_ISA_USAGE = YES_ERROR;
				CLANG_WARN_EMPTY_BODY = YES;
				CLANG_WARN_ENUM_CONVERSION = YES;
				CLANG_WARN_INT_CONVERSION = YES;
				CLANG_WARN_OBJC_ROOT_CLASS = YES_ERROR;
				CLANG_WARN__DUPLICATE_METHOD_MATCH = YES;
				"CODE_SIGN_IDENTITY[sdk=iphoneos*]" = "iPhone Developer";
				COPY_PHASE_STRIP = NO;
				GCC_C_LANGUAGE_STANDARD = gnu99;
				GCC_DYNAMIC_NO_PIC = NO;
				GCC_OPTIMIZATION_LEVEL = 0;
				GCC_PREPROCESSOR_DEFINITIONS = (
					"DEBUG=1",
					"$(inherited)",
				);
				GCC_SYMBOLS_PRIVATE_EXTERN = NO;
				GCC_WARN_64_TO_32_BIT_CONVERSION = YES;
				GCC_WARN_ABOUT_RETURN_TYPE = YES_ERROR;
				GCC_WARN_UNDECLARED_SELECTOR = YES;
				GCC_WARN_UNINITIALIZED_AUTOS = YES;
				GCC_WARN_UNUSED_FUNCTION = YES;
				GCC_WARN_UNUSED_VARIABLE = YES;
				IPHONEOS_DEPLOYMENT_TARGET = 7.0;
				ONLY_ACTIVE_ARCH = YES;
				SDKROOT = iphoneos;
			};
			name = Debug;
		};
		AAFB389A198C912000AA4FCC /* Release */ = {
			isa = XCBuildConfiguration;
			buildSettings = {
				ALWAYS_SEARCH_USER_PATHS = NO;
				ARCHS = "$(ARCHS_STANDARD_INCLUDING_64_BIT)";
				CLANG_CXX_LANGUAGE_STANDARD = "gnu++0x";
				CLANG_CXX_LIBRARY = "libc++";
				CLANG_ENABLE_MODULES = YES;
				CLANG_ENABLE_OBJC_ARC = YES;
				CLANG_WARN_BOOL_CONVERSION = YES;
				CLANG_WARN_CONSTANT_CONVERSION = YES;
				CLANG_WARN_DIRECT_OBJC_ISA_USAGE = YES_ERROR;
				CLANG_WARN_EMPTY_BODY = YES;
				CLANG_WARN_ENUM_CONVERSION = YES;
				CLANG_WARN_INT_CONVERSION = YES;
				CLANG_WARN_OBJC_ROOT_CLASS = YES_ERROR;
				CLANG_WARN__DUPLICATE_METHOD_MATCH = YES;
				"CODE_SIGN_IDENTITY[sdk=iphoneos*]" = "iPhone Developer";
				COPY_PHASE_STRIP = YES;
				ENABLE_NS_ASSERTIONS = NO;
				GCC_C_LANGUAGE_STANDARD = gnu99;
				GCC_WARN_64_TO_32_BIT_CONVERSION = YES;
				GCC_WARN_ABOUT_RETURN_TYPE = YES_ERROR;
				GCC_WARN_UNDECLARED_SELECTOR = YES;
				GCC_WARN_UNINITIALIZED_AUTOS = YES;
				GCC_WARN_UNUSED_FUNCTION = YES;
				GCC_WARN_UNUSED_VARIABLE = YES;
				IPHONEOS_DEPLOYMENT_TARGET = 7.0;
				SDKROOT = iphoneos;
				VALIDATE_PRODUCT = YES;
			};
			name = Release;
		};
		AAFB389C198C912000AA4FCC /* Debug */ = {
			isa = XCBuildConfiguration;
			buildSettings = {
				ASSETCATALOG_COMPILER_APPICON_NAME = AppIcon;
				ASSETCATALOG_COMPILER_LAUNCHIMAGE_NAME = LaunchImage;
				CLANG_ENABLE_OBJC_ARC = NO;
				GCC_PRECOMPILE_PREFIX_HEADER = YES;
				GCC_PREFIX_HEADER = "S2-Tableview/S2-Tableview-Prefix.pch";
				INFOPLIST_FILE = "S2-Tableview/S2-Tableview-Info.plist";
				PRODUCT_NAME = "$(TARGET_NAME)";
				WRAPPER_EXTENSION = app;
			};
			name = Debug;
		};
		AAFB389D198C912000AA4FCC /* Release */ = {
			isa = XCBuildConfiguration;
			buildSettings = {
				ASSETCATALOG_COMPILER_APPICON_NAME = AppIcon;
				ASSETCATALOG_COMPILER_LAUNCHIMAGE_NAME = LaunchImage;
				CLANG_ENABLE_OBJC_ARC = NO;
				GCC_PRECOMPILE_PREFIX_HEADER = YES;
				GCC_PREFIX_HEADER = "S2-Tableview/S2-Tableview-Prefix.pch";
				INFOPLIST_FILE = "S2-Tableview/S2-Tableview-Info.plist";
				PRODUCT_NAME = "$(TARGET_NAME)";
				WRAPPER_EXTENSION = app;
			};
			name = Release;
		};
		AAFB389F198C912000AA4FCC /* Debug */ = {
			isa = XCBuildConfiguration;
			buildSettings = {
				ARCHS = "$(ARCHS_STANDARD_INCLUDING_64_BIT)";
				BUNDLE_LOADER = "$(BUILT_PRODUCTS_DIR)/S2-Tableview.app/S2-Tableview";
				FRAMEWORK_SEARCH_PATHS = (
					"$(SDKROOT)/Developer/Library/Frameworks",
					"$(inherited)",
					"$(DEVELOPER_FRAMEWORKS_DIR)",
				);
				GCC_PRECOMPILE_PREFIX_HEADER = YES;
				GCC_PREFIX_HEADER = "S2-Tableview/S2-Tableview-Prefix.pch";
				GCC_PREPROCESSOR_DEFINITIONS = (
					"DEBUG=1",
					"$(inherited)",
				);
				INFOPLIST_FILE = "S2-TableviewTests/S2-TableviewTests-Info.plist";
				PRODUCT_NAME = "$(TARGET_NAME)";
				TEST_HOST = "$(BUNDLE_LOADER)";
				WRAPPER_EXTENSION = xctest;
			};
			name = Debug;
		};
		AAFB38A0198C912000AA4FCC /* Release */ = {
			isa = XCBuildConfiguration;
			buildSettings = {
				ARCHS = "$(ARCHS_STANDARD_INCLUDING_64_BIT)";
				BUNDLE_LOADER = "$(BUILT_PRODUCTS_DIR)/S2-Tableview.app/S2-Tableview";
				FRAMEWORK_SEARCH_PATHS = (
					"$(SDKROOT)/Developer/Library/Frameworks",
					"$(inherited)",
					"$(DEVELOPER_FRAMEWORKS_DIR)",
				);
				GCC_PRECOMPILE_PREFIX_HEADER = YES;
				GCC_PREFIX_HEADER = "S2-Tableview/S2-Tableview-Prefix.pch";
				INFOPLIST_FILE = "S2-TableviewTests/S2-TableviewTests-Info.plist";
				PRODUCT_NAME = "$(TARGET_NAME)";
				TEST_HOST = "$(BUNDLE_LOADER)";
				WRAPPER_EXTENSION = xctest;
			};
			name = Release;
		};
/* End XCBuildConfiguration section */

/* Begin XCConfigurationList section */
		AAFB386A198C912000AA4FCC /* Build configuration list for PBXProject "S2-Tableview" */ = {
			isa = XCConfigurationList;
			buildConfigurations = (
				AAFB3899198C912000AA4FCC /* Debug */,
				AAFB389A198C912000AA4FCC /* Release */,
			);
			defaultConfigurationIsVisible = 0;
			defaultConfigurationName = Release;
		};
		AAFB389B198C912000AA4FCC /* Build configuration list for PBXNativeTarget "S2-Tableview" */ = {
			isa = XCConfigurationList;
			buildConfigurations = (
				AAFB389C198C912000AA4FCC /* Debug */,
				AAFB389D198C912000AA4FCC /* Release */,
			);
			defaultConfigurationIsVisible = 0;
			defaultConfigurationName = Release;
		};
		AAFB389E198C912000AA4FCC /* Build configuration list for PBXNativeTarget "S2-TableviewTests" */ = {
			isa = XCConfigurationList;
			buildConfigurations = (
				AAFB389F198C912000AA4FCC /* Debug */,
				AAFB38A0198C912000AA4FCC /* Release */,
			);
			defaultConfigurationIsVisible = 0;
			defaultConfigurationName = Release;
		};
/* End XCConfigurationList section */
	};
	rootObject = AAFB3867198C912000AA4FCC /* Project object */;
}
